
Microsoft Visual Studio Solution File, Format Version 12.00
# Visual Studio Version 16
VisualStudioVersion = 16.0.29613.14
MinimumVisualStudioVersion = 10.0.40219.1
Project("{FAE04EC0-301F-11D3-BF4B-00C04F79EFBC}") = "NeuralNetworks", "NeuralNetworks.csproj", "{3FADB484-9E68-4563-8C32-F2E271E868F2}"
EndProject
Project("{FAE04EC0-301F-11D3-BF4B-00C04F79EFBC}") = "NeuralNetworksTests", "..\NeuralNetworksTests\NeuralNetworksTests.csproj", "{7B3E70C6-DB32-43C3-BAD2-B7CAE72AAF65}"
EndProject
Project("{FAE04EC0-301F-11D3-BF4B-00C04F79EFBC}") = "MedicalSystem", "..\MedicalSystem\MedicalSystem.csproj", "{288850E7-5D5E-4E13-BEB8-DDE9FDE6EE0A}"
EndProject
Global
	GlobalSection(SolutionConfigurationPlatforms) = preSolution
		Debug|Any CPU = Debug|Any CPU
		Release|Any CPU = Release|Any CPU
	EndGlobalSection
	GlobalSection(ProjectConfigurationPlatforms) = postSolution
		{3FADB484-9E68-4563-8C32-F2E271E868F2}.Debug|Any CPU.ActiveCfg = Debug|Any CPU
		{3FADB484-9E68-4563-8C32-F2E271E868F2}.Debug|Any CPU.Build.0 = Debug|Any CPU
		{3FADB484-9E68-4563-8C32-F2E271E868F2}.Release|Any CPU.ActiveCfg = Release|Any CPU
		{3FADB484-9E68-4563-8C32-F2E271E868F2}.Release|Any CPU.Build.0 = Release|Any CPU
		{7B3E70C6-DB32-43C3-BAD2-B7CAE72AAF65}.Debug|Any CPU.ActiveCfg = Debug|Any CPU
		{7B3E70C6-DB32-43C3-BAD2-B7CAE72AAF65}.Debug|Any CPU.Build.0 = Debug|Any CPU
		{7B3E70C6-DB32-43C3-BAD2-B7CAE72AAF65}.Release|Any CPU.ActiveCfg = Release|Any CPU
		{7B3E70C6-DB32-43C3-BAD2-B7CAE72AAF65}.Release|Any CPU.Build.0 = Release|Any CPU
		{288850E7-5D5E-4E13-BEB8-DDE9FDE6EE0A}.Debug|Any CPU.ActiveCfg = Debug|Any CPU
		{288850E7-5D5E-4E13-BEB8-DDE9FDE6EE0A}.Debug|Any CPU.Build.0 = Debug|Any CPU
		{288850E7-5D5E-4E13-BEB8-DDE9FDE6EE0A}.Release|Any CPU.ActiveCfg = Release|Any CPU
		{288850E7-5D5E-4E13-BEB8-DDE9FDE6EE0A}.Release|Any CPU.Build.0 = Release|Any CPU
	EndGlobalSection
	GlobalSection(SolutionProperties) = preSolution
		HideSolutionNode = FALSE
	EndGlobalSection
	GlobalSection(ExtensibilityGlobals) = postSolution
		SolutionGuid = {2C3E8B9F-8B11-4914-A977-1705FE36409C}
	EndGlobalSection
EndGlobal
